
Microsoft Visual Studio Solution File, Format Version 12.00
# Visual Studio 14
VisualStudioVersion = 14.0.25420.1
MinimumVisualStudioVersion = 10.0.40219.1
Project("{FAE04EC0-301F-11D3-BF4B-00C04F79EFBC}") = "AboutDave", "AboutDave\AboutDave\AboutDave.csproj", "{99D62317-9BAC-4F32-9191-3D4D670B8A6F}"
EndProject
Project("{FAE04EC0-301F-11D3-BF4B-00C04F79EFBC}") = "AboutDave.Droid", "AboutDave\AboutDave.Droid\AboutDave.Droid.csproj", "{D6EAEAC9-C67B-42CE-BDDE-107C320A5B12}"
EndProject
Project("{FAE04EC0-301F-11D3-BF4B-00C04F79EFBC}") = "AboutDave.iOS", "AboutDave\AboutDave.iOS\AboutDave.iOS.csproj", "{F9CE5BD0-A859-4A3C-99F5-F7D8AB13A1DB}"
EndProject
Project("{FAE04EC0-301F-11D3-BF4B-00C04F79EFBC}") = "AboutDave.WinPhone", "AboutDave\AboutDave.WinPhone\AboutDave.WinPhone.csproj", "{9279F7F3-1C70-493C-96DF-D9340339BE1F}"
EndProject
Project("{FAE04EC0-301F-11D3-BF4B-00C04F79EFBC}") = "AboutDave.UWP", "AboutDave\AboutDave.UWP\AboutDave.UWP.csproj", "{3C5B9EAA-A7E4-4411-BA83-B6FF73D0462E}"
EndProject
Project("{FAE04EC0-301F-11D3-BF4B-00C04F79EFBC}") = "AboutDave.Windows", "AboutDave\AboutDave.Windows\AboutDave.Windows.csproj", "{262D252F-470D-477D-B4C1-42A6F7ADF6D1}"
EndProject
Global
	GlobalSection(SolutionConfigurationPlatforms) = preSolution
		Ad-Hoc|Any CPU = Ad-Hoc|Any CPU
		Ad-Hoc|ARM = Ad-Hoc|ARM
		Ad-Hoc|iPhone = Ad-Hoc|iPhone
		Ad-Hoc|iPhoneSimulator = Ad-Hoc|iPhoneSimulator
		Ad-Hoc|x64 = Ad-Hoc|x64
		Ad-Hoc|x86 = Ad-Hoc|x86
		AppStore|Any CPU = AppStore|Any CPU
		AppStore|ARM = AppStore|ARM
		AppStore|iPhone = AppStore|iPhone
		AppStore|iPhoneSimulator = AppStore|iPhoneSimulator
		AppStore|x64 = AppStore|x64
		AppStore|x86 = AppStore|x86
		Debug|Any CPU = Debug|Any CPU
		Debug|ARM = Debug|ARM
		Debug|iPhone = Debug|iPhone
		Debug|iPhoneSimulator = Debug|iPhoneSimulator
		Debug|x64 = Debug|x64
		Debug|x86 = Debug|x86
		Release|Any CPU = Release|Any CPU
		Release|ARM = Release|ARM
		Release|iPhone = Release|iPhone
		Release|iPhoneSimulator = Release|iPhoneSimulator
		Release|x64 = Release|x64
		Release|x86 = Release|x86
	EndGlobalSection
	GlobalSection(ProjectConfigurationPlatforms) = postSolution
		{99D62317-9BAC-4F32-9191-3D4D670B8A6F}.Ad-Hoc|Any CPU.ActiveCfg = Release|Any CPU
		{99D62317-9BAC-4F32-9191-3D4D670B8A6F}.Ad-Hoc|Any CPU.Build.0 = Release|Any CPU
		{99D62317-9BAC-4F32-9191-3D4D670B8A6F}.Ad-Hoc|ARM.ActiveCfg = Release|Any CPU
		{99D62317-9BAC-4F32-9191-3D4D670B8A6F}.Ad-Hoc|ARM.Build.0 = Release|Any CPU
		{99D62317-9BAC-4F32-9191-3D4D670B8A6F}.Ad-Hoc|iPhone.ActiveCfg = Release|Any CPU
		{99D62317-9BAC-4F32-9191-3D4D670B8A6F}.Ad-Hoc|iPhone.Build.0 = Release|Any CPU
		{99D62317-9BAC-4F32-9191-3D4D670B8A6F}.Ad-Hoc|iPhoneSimulator.ActiveCfg = Release|Any CPU
		{99D62317-9BAC-4F32-9191-3D4D670B8A6F}.Ad-Hoc|iPhoneSimulator.Build.0 = Release|Any CPU
		{99D62317-9BAC-4F32-9191-3D4D670B8A6F}.Ad-Hoc|x64.ActiveCfg = Release|Any CPU
		{99D62317-9BAC-4F32-9191-3D4D670B8A6F}.Ad-Hoc|x64.Build.0 = Release|Any CPU
		{99D62317-9BAC-4F32-9191-3D4D670B8A6F}.Ad-Hoc|x86.ActiveCfg = Release|Any CPU
		{99D62317-9BAC-4F32-9191-3D4D670B8A6F}.Ad-Hoc|x86.Build.0 = Release|Any CPU
		{99D62317-9BAC-4F32-9191-3D4D670B8A6F}.AppStore|Any CPU.ActiveCfg = Release|Any CPU
		{99D62317-9BAC-4F32-9191-3D4D670B8A6F}.AppStore|Any CPU.Build.0 = Release|Any CPU
		{99D62317-9BAC-4F32-9191-3D4D670B8A6F}.AppStore|ARM.ActiveCfg = Release|Any CPU
		{99D62317-9BAC-4F32-9191-3D4D670B8A6F}.AppStore|ARM.Build.0 = Release|Any CPU
		{99D62317-9BAC-4F32-9191-3D4D670B8A6F}.AppStore|iPhone.ActiveCfg = Release|Any CPU
		{99D62317-9BAC-4F32-9191-3D4D670B8A6F}.AppStore|iPhone.Build.0 = Release|Any CPU
		{99D62317-9BAC-4F32-9191-3D4D670B8A6F}.AppStore|iPhoneSimulator.ActiveCfg = Release|Any CPU
		{99D62317-9BAC-4F32-9191-3D4D670B8A6F}.AppStore|iPhoneSimulator.Build.0 = Release|Any CPU
		{99D62317-9BAC-4F32-9191-3D4D670B8A6F}.AppStore|x64.ActiveCfg = Release|Any CPU
		{99D62317-9BAC-4F32-9191-3D4D670B8A6F}.AppStore|x64.Build.0 = Release|Any CPU
		{99D62317-9BAC-4F32-9191-3D4D670B8A6F}.AppStore|x86.ActiveCfg = Release|Any CPU
		{99D62317-9BAC-4F32-9191-3D4D670B8A6F}.AppStore|x86.Build.0 = Release|Any CPU
		{99D62317-9BAC-4F32-9191-3D4D670B8A6F}.Debug|Any CPU.ActiveCfg = Debug|Any CPU
		{99D62317-9BAC-4F32-9191-3D4D670B8A6F}.Debug|Any CPU.Build.0 = Debug|Any CPU
		{99D62317-9BAC-4F32-9191-3D4D670B8A6F}.Debug|ARM.ActiveCfg = Debug|Any CPU
		{99D62317-9BAC-4F32-9191-3D4D670B8A6F}.Debug|ARM.Build.0 = Debug|Any CPU
		{99D62317-9BAC-4F32-9191-3D4D670B8A6F}.Debug|iPhone.ActiveCfg = Debug|Any CPU
		{99D62317-9BAC-4F32-9191-3D4D670B8A6F}.Debug|iPhone.Build.0 = Debug|Any CPU
		{99D62317-9BAC-4F32-9191-3D4D670B8A6F}.Debug|iPhoneSimulator.ActiveCfg = Debug|Any CPU
		{99D62317-9BAC-4F32-9191-3D4D670B8A6F}.Debug|iPhoneSimulator.Build.0 = Debug|Any CPU
		{99D62317-9BAC-4F32-9191-3D4D670B8A6F}.Debug|x64.ActiveCfg = Debug|Any CPU
		{99D62317-9BAC-4F32-9191-3D4D670B8A6F}.Debug|x64.Build.0 = Debug|Any CPU
		{99D62317-9BAC-4F32-9191-3D4D670B8A6F}.Debug|x86.ActiveCfg = Debug|Any CPU
		{99D62317-9BAC-4F32-9191-3D4D670B8A6F}.Debug|x86.Build.0 = Debug|Any CPU
		{99D62317-9BAC-4F32-9191-3D4D670B8A6F}.Release|Any CPU.ActiveCfg = Release|Any CPU
		{99D62317-9BAC-4F32-9191-3D4D670B8A6F}.Release|Any CPU.Build.0 = Release|Any CPU
		{99D62317-9BAC-4F32-9191-3D4D670B8A6F}.Release|ARM.ActiveCfg = Release|Any CPU
		{99D62317-9BAC-4F32-9191-3D4D670B8A6F}.Release|ARM.Build.0 = Release|Any CPU
		{99D62317-9BAC-4F32-9191-3D4D670B8A6F}.Release|iPhone.ActiveCfg = Release|Any CPU
		{99D62317-9BAC-4F32-9191-3D4D670B8A6F}.Release|iPhone.Build.0 = Release|Any CPU
		{99D62317-9BAC-4F32-9191-3D4D670B8A6F}.Release|iPhoneSimulator.ActiveCfg = Release|Any CPU
		{99D62317-9BAC-4F32-9191-3D4D670B8A6F}.Release|iPhoneSimulator.Build.0 = Release|Any CPU
		{99D62317-9BAC-4F32-9191-3D4D670B8A6F}.Release|x64.ActiveCfg = Release|Any CPU
		{99D62317-9BAC-4F32-9191-3D4D670B8A6F}.Release|x64.Build.0 = Release|Any CPU
		{99D62317-9BAC-4F32-9191-3D4D670B8A6F}.Release|x86.ActiveCfg = Release|Any CPU
		{99D62317-9BAC-4F32-9191-3D4D670B8A6F}.Release|x86.Build.0 = Release|Any CPU
		{D6EAEAC9-C67B-42CE-BDDE-107C320A5B12}.Ad-Hoc|Any CPU.ActiveCfg = Release|Any CPU
		{D6EAEAC9-C67B-42CE-BDDE-107C320A5B12}.Ad-Hoc|Any CPU.Build.0 = Release|Any CPU
		{D6EAEAC9-C67B-42CE-BDDE-107C320A5B12}.Ad-Hoc|Any CPU.Deploy.0 = Release|Any CPU
		{D6EAEAC9-C67B-42CE-BDDE-107C320A5B12}.Ad-Hoc|ARM.ActiveCfg = Release|Any CPU
		{D6EAEAC9-C67B-42CE-BDDE-107C320A5B12}.Ad-Hoc|ARM.Build.0 = Release|Any CPU
		{D6EAEAC9-C67B-42CE-BDDE-107C320A5B12}.Ad-Hoc|ARM.Deploy.0 = Release|Any CPU
		{D6EAEAC9-C67B-42CE-BDDE-107C320A5B12}.Ad-Hoc|iPhone.ActiveCfg = Release|Any CPU
		{D6EAEAC9-C67B-42CE-BDDE-107C320A5B12}.Ad-Hoc|iPhone.Build.0 = Release|Any CPU
		{D6EAEAC9-C67B-42CE-BDDE-107C320A5B12}.Ad-Hoc|iPhone.Deploy.0 = Release|Any CPU
		{D6EAEAC9-C67B-42CE-BDDE-107C320A5B12}.Ad-Hoc|iPhoneSimulator.ActiveCfg = Release|Any CPU
		{D6EAEAC9-C67B-42CE-BDDE-107C320A5B12}.Ad-Hoc|iPhoneSimulator.Build.0 = Release|Any CPU
		{D6EAEAC9-C67B-42CE-BDDE-107C320A5B12}.Ad-Hoc|iPhoneSimulator.Deploy.0 = Release|Any CPU
		{D6EAEAC9-C67B-42CE-BDDE-107C320A5B12}.Ad-Hoc|x64.ActiveCfg = Release|Any CPU
		{D6EAEAC9-C67B-42CE-BDDE-107C320A5B12}.Ad-Hoc|x64.Build.0 = Release|Any CPU
		{D6EAEAC9-C67B-42CE-BDDE-107C320A5B12}.Ad-Hoc|x64.Deploy.0 = Release|Any CPU
		{D6EAEAC9-C67B-42CE-BDDE-107C320A5B12}.Ad-Hoc|x86.ActiveCfg = Release|Any CPU
		{D6EAEAC9-C67B-42CE-BDDE-107C320A5B12}.Ad-Hoc|x86.Build.0 = Release|Any CPU
		{D6EAEAC9-C67B-42CE-BDDE-107C320A5B12}.Ad-Hoc|x86.Deploy.0 = Release|Any CPU
		{D6EAEAC9-C67B-42CE-BDDE-107C320A5B12}.AppStore|Any CPU.ActiveCfg = Release|Any CPU
		{D6EAEAC9-C67B-42CE-BDDE-107C320A5B12}.AppStore|Any CPU.Build.0 = Release|Any CPU
		{D6EAEAC9-C67B-42CE-BDDE-107C320A5B12}.AppStore|Any CPU.Deploy.0 = Release|Any CPU
		{D6EAEAC9-C67B-42CE-BDDE-107C320A5B12}.AppStore|ARM.ActiveCfg = Release|Any CPU
		{D6EAEAC9-C67B-42CE-BDDE-107C320A5B12}.AppStore|ARM.Build.0 = Release|Any CPU
		{D6EAEAC9-C67B-42CE-BDDE-107C320A5B12}.AppStore|ARM.Deploy.0 = Release|Any CPU
		{D6EAEAC9-C67B-42CE-BDDE-107C320A5B12}.AppStore|iPhone.ActiveCfg = Release|Any CPU
		{D6EAEAC9-C67B-42CE-BDDE-107C320A5B12}.AppStore|iPhone.Build.0 = Release|Any CPU
		{D6EAEAC9-C67B-42CE-BDDE-107C320A5B12}.AppStore|iPhone.Deploy.0 = Release|Any CPU
		{D6EAEAC9-C67B-42CE-BDDE-107C320A5B12}.AppStore|iPhoneSimulator.ActiveCfg = Release|Any CPU
		{D6EAEAC9-C67B-42CE-BDDE-107C320A5B12}.AppStore|iPhoneSimulator.Build.0 = Release|Any CPU
		{D6EAEAC9-C67B-42CE-BDDE-107C320A5B12}.AppStore|iPhoneSimulator.Deploy.0 = Release|Any CPU
		{D6EAEAC9-C67B-42CE-BDDE-107C320A5B12}.AppStore|x64.ActiveCfg = Release|Any CPU
		{D6EAEAC9-C67B-42CE-BDDE-107C320A5B12}.AppStore|x64.Build.0 = Release|Any CPU
		{D6EAEAC9-C67B-42CE-BDDE-107C320A5B12}.AppStore|x64.Deploy.0 = Release|Any CPU
		{D6EAEAC9-C67B-42CE-BDDE-107C320A5B12}.AppStore|x86.ActiveCfg = Release|Any CPU
		{D6EAEAC9-C67B-42CE-BDDE-107C320A5B12}.AppStore|x86.Build.0 = Release|Any CPU
		{D6EAEAC9-C67B-42CE-BDDE-107C320A5B12}.AppStore|x86.Deploy.0 = Release|Any CPU
		{D6EAEAC9-C67B-42CE-BDDE-107C320A5B12}.Debug|Any CPU.ActiveCfg = Debug|Any CPU
		{D6EAEAC9-C67B-42CE-BDDE-107C320A5B12}.Debug|Any CPU.Build.0 = Debug|Any CPU
		{D6EAEAC9-C67B-42CE-BDDE-107C320A5B12}.Debug|Any CPU.Deploy.0 = Debug|Any CPU
		{D6EAEAC9-C67B-42CE-BDDE-107C320A5B12}.Debug|ARM.ActiveCfg = Debug|Any CPU
		{D6EAEAC9-C67B-42CE-BDDE-107C320A5B12}.Debug|ARM.Build.0 = Debug|Any CPU
		{D6EAEAC9-C67B-42CE-BDDE-107C320A5B12}.Debug|ARM.Deploy.0 = Debug|Any CPU
		{D6EAEAC9-C67B-42CE-BDDE-107C320A5B12}.Debug|iPhone.ActiveCfg = Debug|Any CPU
		{D6EAEAC9-C67B-42CE-BDDE-107C320A5B12}.Debug|iPhone.Build.0 = Debug|Any CPU
		{D6EAEAC9-C67B-42CE-BDDE-107C320A5B12}.Debug|iPhone.Deploy.0 = Debug|Any CPU
		{D6EAEAC9-C67B-42CE-BDDE-107C320A5B12}.Debug|iPhoneSimulator.ActiveCfg = Debug|Any CPU
		{D6EAEAC9-C67B-42CE-BDDE-107C320A5B12}.Debug|iPhoneSimulator.Build.0 = Debug|Any CPU
		{D6EAEAC9-C67B-42CE-BDDE-107C320A5B12}.Debug|iPhoneSimulator.Deploy.0 = Debug|Any CPU
		{D6EAEAC9-C67B-42CE-BDDE-107C320A5B12}.Debug|x64.ActiveCfg = Debug|Any CPU
		{D6EAEAC9-C67B-42CE-BDDE-107C320A5B12}.Debug|x64.Build.0 = Debug|Any CPU
		{D6EAEAC9-C67B-42CE-BDDE-107C320A5B12}.Debug|x64.Deploy.0 = Debug|Any CPU
		{D6EAEAC9-C67B-42CE-BDDE-107C320A5B12}.Debug|x86.ActiveCfg = Debug|Any CPU
		{D6EAEAC9-C67B-42CE-BDDE-107C320A5B12}.Debug|x86.Build.0 = Debug|Any CPU
		{D6EAEAC9-C67B-42CE-BDDE-107C320A5B12}.Debug|x86.Deploy.0 = Debug|Any CPU
		{D6EAEAC9-C67B-42CE-BDDE-107C320A5B12}.Release|Any CPU.ActiveCfg = Release|Any CPU
		{D6EAEAC9-C67B-42CE-BDDE-107C320A5B12}.Release|Any CPU.Build.0 = Release|Any CPU
		{D6EAEAC9-C67B-42CE-BDDE-107C320A5B12}.Release|Any CPU.Deploy.0 = Release|Any CPU
		{D6EAEAC9-C67B-42CE-BDDE-107C320A5B12}.Release|ARM.ActiveCfg = Release|Any CPU
		{D6EAEAC9-C67B-42CE-BDDE-107C320A5B12}.Release|ARM.Build.0 = Release|Any CPU
		{D6EAEAC9-C67B-42CE-BDDE-107C320A5B12}.Release|ARM.Deploy.0 = Release|Any CPU
		{D6EAEAC9-C67B-42CE-BDDE-107C320A5B12}.Release|iPhone.ActiveCfg = Release|Any CPU
		{D6EAEAC9-C67B-42CE-BDDE-107C320A5B12}.Release|iPhone.Build.0 = Release|Any CPU
		{D6EAEAC9-C67B-42CE-BDDE-107C320A5B12}.Release|iPhone.Deploy.0 = Release|Any CPU
		{D6EAEAC9-C67B-42CE-BDDE-107C320A5B12}.Release|iPhoneSimulator.ActiveCfg = Release|Any CPU
		{D6EAEAC9-C67B-42CE-BDDE-107C320A5B12}.Release|iPhoneSimulator.Build.0 = Release|Any CPU
		{D6EAEAC9-C67B-42CE-BDDE-107C320A5B12}.Release|iPhoneSimulator.Deploy.0 = Release|Any CPU
		{D6EAEAC9-C67B-42CE-BDDE-107C320A5B12}.Release|x64.ActiveCfg = Release|Any CPU
		{D6EAEAC9-C67B-42CE-BDDE-107C320A5B12}.Release|x64.Build.0 = Release|Any CPU
		{D6EAEAC9-C67B-42CE-BDDE-107C320A5B12}.Release|x64.Deploy.0 = Release|Any CPU
		{D6EAEAC9-C67B-42CE-BDDE-107C320A5B12}.Release|x86.ActiveCfg = Release|Any CPU
		{D6EAEAC9-C67B-42CE-BDDE-107C320A5B12}.Release|x86.Build.0 = Release|Any CPU
		{D6EAEAC9-C67B-42CE-BDDE-107C320A5B12}.Release|x86.Deploy.0 = Release|Any CPU
		{F9CE5BD0-A859-4A3C-99F5-F7D8AB13A1DB}.Ad-Hoc|Any CPU.ActiveCfg = Ad-Hoc|iPhone
		{F9CE5BD0-A859-4A3C-99F5-F7D8AB13A1DB}.Ad-Hoc|ARM.ActiveCfg = Ad-Hoc|iPhone
		{F9CE5BD0-A859-4A3C-99F5-F7D8AB13A1DB}.Ad-Hoc|iPhone.ActiveCfg = Ad-Hoc|iPhone
		{F9CE5BD0-A859-4A3C-99F5-F7D8AB13A1DB}.Ad-Hoc|iPhone.Build.0 = Ad-Hoc|iPhone
		{F9CE5BD0-A859-4A3C-99F5-F7D8AB13A1DB}.Ad-Hoc|iPhoneSimulator.ActiveCfg = Ad-Hoc|iPhoneSimulator
		{F9CE5BD0-A859-4A3C-99F5-F7D8AB13A1DB}.Ad-Hoc|iPhoneSimulator.Build.0 = Ad-Hoc|iPhoneSimulator
		{F9CE5BD0-A859-4A3C-99F5-F7D8AB13A1DB}.Ad-Hoc|x64.ActiveCfg = Ad-Hoc|iPhone
		{F9CE5BD0-A859-4A3C-99F5-F7D8AB13A1DB}.Ad-Hoc|x86.ActiveCfg = Ad-Hoc|iPhone
		{F9CE5BD0-A859-4A3C-99F5-F7D8AB13A1DB}.AppStore|Any CPU.ActiveCfg = AppStore|iPhone
		{F9CE5BD0-A859-4A3C-99F5-F7D8AB13A1DB}.AppStore|ARM.ActiveCfg = AppStore|iPhone
		{F9CE5BD0-A859-4A3C-99F5-F7D8AB13A1DB}.AppStore|iPhone.ActiveCfg = AppStore|iPhone
		{F9CE5BD0-A859-4A3C-99F5-F7D8AB13A1DB}.AppStore|iPhone.Build.0 = AppStore|iPhone
		{F9CE5BD0-A859-4A3C-99F5-F7D8AB13A1DB}.AppStore|iPhoneSimulator.ActiveCfg = AppStore|iPhoneSimulator
		{F9CE5BD0-A859-4A3C-99F5-F7D8AB13A1DB}.AppStore|iPhoneSimulator.Build.0 = AppStore|iPhoneSimulator
		{F9CE5BD0-A859-4A3C-99F5-F7D8AB13A1DB}.AppStore|x64.ActiveCfg = AppStore|iPhone
		{F9CE5BD0-A859-4A3C-99F5-F7D8AB13A1DB}.AppStore|x86.ActiveCfg = AppStore|iPhone
		{F9CE5BD0-A859-4A3C-99F5-F7D8AB13A1DB}.Debug|Any CPU.ActiveCfg = Debug|iPhone
		{F9CE5BD0-A859-4A3C-99F5-F7D8AB13A1DB}.Debug|ARM.ActiveCfg = Debug|iPhone
		{F9CE5BD0-A859-4A3C-99F5-F7D8AB13A1DB}.Debug|iPhone.ActiveCfg = Debug|iPhone
		{F9CE5BD0-A859-4A3C-99F5-F7D8AB13A1DB}.Debug|iPhone.Build.0 = Debug|iPhone
		{F9CE5BD0-A859-4A3C-99F5-F7D8AB13A1DB}.Debug|iPhoneSimulator.ActiveCfg = Debug|iPhoneSimulator
		{F9CE5BD0-A859-4A3C-99F5-F7D8AB13A1DB}.Debug|iPhoneSimulator.Build.0 = Debug|iPhoneSimulator
		{F9CE5BD0-A859-4A3C-99F5-F7D8AB13A1DB}.Debug|x64.ActiveCfg = Debug|iPhone
		{F9CE5BD0-A859-4A3C-99F5-F7D8AB13A1DB}.Debug|x86.ActiveCfg = Debug|iPhone
		{F9CE5BD0-A859-4A3C-99F5-F7D8AB13A1DB}.Release|Any CPU.ActiveCfg = Release|iPhone
		{F9CE5BD0-A859-4A3C-99F5-F7D8AB13A1DB}.Release|ARM.ActiveCfg = Release|iPhone
		{F9CE5BD0-A859-4A3C-99F5-F7D8AB13A1DB}.Release|iPhone.ActiveCfg = Release|iPhone
		{F9CE5BD0-A859-4A3C-99F5-F7D8AB13A1DB}.Release|iPhone.Build.0 = Release|iPhone
		{F9CE5BD0-A859-4A3C-99F5-F7D8AB13A1DB}.Release|iPhoneSimulator.ActiveCfg = Release|iPhoneSimulator
		{F9CE5BD0-A859-4A3C-99F5-F7D8AB13A1DB}.Release|iPhoneSimulator.Build.0 = Release|iPhoneSimulator
		{F9CE5BD0-A859-4A3C-99F5-F7D8AB13A1DB}.Release|x64.ActiveCfg = Release|iPhone
		{F9CE5BD0-A859-4A3C-99F5-F7D8AB13A1DB}.Release|x86.ActiveCfg = Release|iPhone
		{9279F7F3-1C70-493C-96DF-D9340339BE1F}.Ad-Hoc|Any CPU.ActiveCfg = Release|Any CPU
		{9279F7F3-1C70-493C-96DF-D9340339BE1F}.Ad-Hoc|Any CPU.Build.0 = Release|Any CPU
		{9279F7F3-1C70-493C-96DF-D9340339BE1F}.Ad-Hoc|Any CPU.Deploy.0 = Release|Any CPU
		{9279F7F3-1C70-493C-96DF-D9340339BE1F}.Ad-Hoc|ARM.ActiveCfg = Release|ARM
		{9279F7F3-1C70-493C-96DF-D9340339BE1F}.Ad-Hoc|ARM.Build.0 = Release|ARM
		{9279F7F3-1C70-493C-96DF-D9340339BE1F}.Ad-Hoc|ARM.Deploy.0 = Release|ARM
		{9279F7F3-1C70-493C-96DF-D9340339BE1F}.Ad-Hoc|iPhone.ActiveCfg = Release|Any CPU
		{9279F7F3-1C70-493C-96DF-D9340339BE1F}.Ad-Hoc|iPhone.Build.0 = Release|Any CPU
		{9279F7F3-1C70-493C-96DF-D9340339BE1F}.Ad-Hoc|iPhone.Deploy.0 = Release|Any CPU
		{9279F7F3-1C70-493C-96DF-D9340339BE1F}.Ad-Hoc|iPhoneSimulator.ActiveCfg = Release|Any CPU
		{9279F7F3-1C70-493C-96DF-D9340339BE1F}.Ad-Hoc|iPhoneSimulator.Build.0 = Release|Any CPU
		{9279F7F3-1C70-493C-96DF-D9340339BE1F}.Ad-Hoc|iPhoneSimulator.Deploy.0 = Release|Any CPU
		{9279F7F3-1C70-493C-96DF-D9340339BE1F}.Ad-Hoc|x64.ActiveCfg = Release|Any CPU
		{9279F7F3-1C70-493C-96DF-D9340339BE1F}.Ad-Hoc|x64.Build.0 = Release|Any CPU
		{9279F7F3-1C70-493C-96DF-D9340339BE1F}.Ad-Hoc|x64.Deploy.0 = Release|Any CPU
		{9279F7F3-1C70-493C-96DF-D9340339BE1F}.Ad-Hoc|x86.ActiveCfg = Release|x86
		{9279F7F3-1C70-493C-96DF-D9340339BE1F}.Ad-Hoc|x86.Build.0 = Release|x86
		{9279F7F3-1C70-493C-96DF-D9340339BE1F}.Ad-Hoc|x86.Deploy.0 = Release|x86
		{9279F7F3-1C70-493C-96DF-D9340339BE1F}.AppStore|Any CPU.ActiveCfg = Release|Any CPU
		{9279F7F3-1C70-493C-96DF-D9340339BE1F}.AppStore|Any CPU.Build.0 = Release|Any CPU
		{9279F7F3-1C70-493C-96DF-D9340339BE1F}.AppStore|Any CPU.Deploy.0 = Release|Any CPU
		{9279F7F3-1C70-493C-96DF-D9340339BE1F}.AppStore|ARM.ActiveCfg = Release|ARM
		{9279F7F3-1C70-493C-96DF-D9340339BE1F}.AppStore|ARM.Build.0 = Release|ARM
		{9279F7F3-1C70-493C-96DF-D9340339BE1F}.AppStore|ARM.Deploy.0 = Release|ARM
		{9279F7F3-1C70-493C-96DF-D9340339BE1F}.AppStore|iPhone.ActiveCfg = Release|Any CPU
		{9279F7F3-1C70-493C-96DF-D9340339BE1F}.AppStore|iPhone.Build.0 = Release|Any CPU
		{9279F7F3-1C70-493C-96DF-D9340339BE1F}.AppStore|iPhone.Deploy.0 = Release|Any CPU
		{9279F7F3-1C70-493C-96DF-D9340339BE1F}.AppStore|iPhoneSimulator.ActiveCfg = Release|Any CPU
		{9279F7F3-1C70-493C-96DF-D9340339BE1F}.AppStore|iPhoneSimulator.Build.0 = Release|Any CPU
		{9279F7F3-1C70-493C-96DF-D9340339BE1F}.AppStore|iPhoneSimulator.Deploy.0 = Release|Any CPU
		{9279F7F3-1C70-493C-96DF-D9340339BE1F}.AppStore|x64.ActiveCfg = Release|Any CPU
		{9279F7F3-1C70-493C-96DF-D9340339BE1F}.AppStore|x64.Build.0 = Release|Any CPU
		{9279F7F3-1C70-493C-96DF-D9340339BE1F}.AppStore|x64.Deploy.0 = Release|Any CPU
		{9279F7F3-1C70-493C-96DF-D9340339BE1F}.AppStore|x86.ActiveCfg = Release|x86
		{9279F7F3-1C70-493C-96DF-D9340339BE1F}.AppStore|x86.Build.0 = Release|x86
		{9279F7F3-1C70-493C-96DF-D9340339BE1F}.AppStore|x86.Deploy.0 = Release|x86
		{9279F7F3-1C70-493C-96DF-D9340339BE1F}.Debug|Any CPU.ActiveCfg = Debug|Any CPU
		{9279F7F3-1C70-493C-96DF-D9340339BE1F}.Debug|Any CPU.Build.0 = Debug|Any CPU
		{9279F7F3-1C70-493C-96DF-D9340339BE1F}.Debug|Any CPU.Deploy.0 = Debug|Any CPU
		{9279F7F3-1C70-493C-96DF-D9340339BE1F}.Debug|ARM.ActiveCfg = Debug|ARM
		{9279F7F3-1C70-493C-96DF-D9340339BE1F}.Debug|ARM.Build.0 = Debug|ARM
		{9279F7F3-1C70-493C-96DF-D9340339BE1F}.Debug|ARM.Deploy.0 = Debug|ARM
		{9279F7F3-1C70-493C-96DF-D9340339BE1F}.Debug|iPhone.ActiveCfg = Debug|Any CPU
		{9279F7F3-1C70-493C-96DF-D9340339BE1F}.Debug|iPhone.Build.0 = Debug|Any CPU
		{9279F7F3-1C70-493C-96DF-D9340339BE1F}.Debug|iPhone.Deploy.0 = Debug|Any CPU
		{9279F7F3-1C70-493C-96DF-D9340339BE1F}.Debug|iPhoneSimulator.ActiveCfg = Debug|Any CPU
		{9279F7F3-1C70-493C-96DF-D9340339BE1F}.Debug|iPhoneSimulator.Build.0 = Debug|Any CPU
		{9279F7F3-1C70-493C-96DF-D9340339BE1F}.Debug|iPhoneSimulator.Deploy.0 = Debug|Any CPU
		{9279F7F3-1C70-493C-96DF-D9340339BE1F}.Debug|x64.ActiveCfg = Debug|Any CPU
		{9279F7F3-1C70-493C-96DF-D9340339BE1F}.Debug|x64.Build.0 = Debug|Any CPU
		{9279F7F3-1C70-493C-96DF-D9340339BE1F}.Debug|x64.Deploy.0 = Debug|Any CPU
		{9279F7F3-1C70-493C-96DF-D9340339BE1F}.Debug|x86.ActiveCfg = Debug|x86
		{9279F7F3-1C70-493C-96DF-D9340339BE1F}.Debug|x86.Build.0 = Debug|x86
		{9279F7F3-1C70-493C-96DF-D9340339BE1F}.Debug|x86.Deploy.0 = Debug|x86
		{9279F7F3-1C70-493C-96DF-D9340339BE1F}.Release|Any CPU.ActiveCfg = Release|Any CPU
		{9279F7F3-1C70-493C-96DF-D9340339BE1F}.Release|Any CPU.Build.0 = Release|Any CPU
		{9279F7F3-1C70-493C-96DF-D9340339BE1F}.Release|Any CPU.Deploy.0 = Release|Any CPU
		{9279F7F3-1C70-493C-96DF-D9340339BE1F}.Release|ARM.ActiveCfg = Release|ARM
		{9279F7F3-1C70-493C-96DF-D9340339BE1F}.Release|ARM.Build.0 = Release|ARM
		{9279F7F3-1C70-493C-96DF-D9340339BE1F}.Release|ARM.Deploy.0 = Release|ARM
		{9279F7F3-1C70-493C-96DF-D9340339BE1F}.Release|iPhone.ActiveCfg = Release|Any CPU
		{9279F7F3-1C70-493C-96DF-D9340339BE1F}.Release|iPhone.Build.0 = Release|Any CPU
		{9279F7F3-1C70-493C-96DF-D9340339BE1F}.Release|iPhone.Deploy.0 = Release|Any CPU
		{9279F7F3-1C70-493C-96DF-D9340339BE1F}.Release|iPhoneSimulator.ActiveCfg = Release|Any CPU
		{9279F7F3-1C70-493C-96DF-D9340339BE1F}.Release|iPhoneSimulator.Build.0 = Release|Any CPU
		{9279F7F3-1C70-493C-96DF-D9340339BE1F}.Release|iPhoneSimulator.Deploy.0 = Release|Any CPU
		{9279F7F3-1C70-493C-96DF-D9340339BE1F}.Release|x64.ActiveCfg = Release|Any CPU
		{9279F7F3-1C70-493C-96DF-D9340339BE1F}.Release|x64.Build.0 = Release|Any CPU
		{9279F7F3-1C70-493C-96DF-D9340339BE1F}.Release|x64.Deploy.0 = Release|Any CPU
		{9279F7F3-1C70-493C-96DF-D9340339BE1F}.Release|x86.ActiveCfg = Release|x86
		{9279F7F3-1C70-493C-96DF-D9340339BE1F}.Release|x86.Build.0 = Release|x86
		{9279F7F3-1C70-493C-96DF-D9340339BE1F}.Release|x86.Deploy.0 = Release|x86
		{3C5B9EAA-A7E4-4411-BA83-B6FF73D0462E}.Ad-Hoc|Any CPU.ActiveCfg = Release|x86
		{3C5B9EAA-A7E4-4411-BA83-B6FF73D0462E}.Ad-Hoc|Any CPU.Build.0 = Release|x86
		{3C5B9EAA-A7E4-4411-BA83-B6FF73D0462E}.Ad-Hoc|Any CPU.Deploy.0 = Release|x86
		{3C5B9EAA-A7E4-4411-BA83-B6FF73D0462E}.Ad-Hoc|ARM.ActiveCfg = Release|ARM
		{3C5B9EAA-A7E4-4411-BA83-B6FF73D0462E}.Ad-Hoc|ARM.Build.0 = Release|ARM
		{3C5B9EAA-A7E4-4411-BA83-B6FF73D0462E}.Ad-Hoc|ARM.Deploy.0 = Release|ARM
		{3C5B9EAA-A7E4-4411-BA83-B6FF73D0462E}.Ad-Hoc|iPhone.ActiveCfg = Release|x86
		{3C5B9EAA-A7E4-4411-BA83-B6FF73D0462E}.Ad-Hoc|iPhone.Build.0 = Release|x86
		{3C5B9EAA-A7E4-4411-BA83-B6FF73D0462E}.Ad-Hoc|iPhone.Deploy.0 = Release|x86
		{3C5B9EAA-A7E4-4411-BA83-B6FF73D0462E}.Ad-Hoc|iPhoneSimulator.ActiveCfg = Release|x86
		{3C5B9EAA-A7E4-4411-BA83-B6FF73D0462E}.Ad-Hoc|iPhoneSimulator.Build.0 = Release|x86
		{3C5B9EAA-A7E4-4411-BA83-B6FF73D0462E}.Ad-Hoc|iPhoneSimulator.Deploy.0 = Release|x86
		{3C5B9EAA-A7E4-4411-BA83-B6FF73D0462E}.Ad-Hoc|x64.ActiveCfg = Release|x64
		{3C5B9EAA-A7E4-4411-BA83-B6FF73D0462E}.Ad-Hoc|x64.Build.0 = Release|x64
		{3C5B9EAA-A7E4-4411-BA83-B6FF73D0462E}.Ad-Hoc|x64.Deploy.0 = Release|x64
		{3C5B9EAA-A7E4-4411-BA83-B6FF73D0462E}.Ad-Hoc|x86.ActiveCfg = Release|x86
		{3C5B9EAA-A7E4-4411-BA83-B6FF73D0462E}.Ad-Hoc|x86.Build.0 = Release|x86
		{3C5B9EAA-A7E4-4411-BA83-B6FF73D0462E}.Ad-Hoc|x86.Deploy.0 = Release|x86
		{3C5B9EAA-A7E4-4411-BA83-B6FF73D0462E}.AppStore|Any CPU.ActiveCfg = Release|x86
		{3C5B9EAA-A7E4-4411-BA83-B6FF73D0462E}.AppStore|Any CPU.Build.0 = Release|x86
		{3C5B9EAA-A7E4-4411-BA83-B6FF73D0462E}.AppStore|Any CPU.Deploy.0 = Release|x86
		{3C5B9EAA-A7E4-4411-BA83-B6FF73D0462E}.AppStore|ARM.ActiveCfg = Release|ARM
		{3C5B9EAA-A7E4-4411-BA83-B6FF73D0462E}.AppStore|ARM.Build.0 = Release|ARM
		{3C5B9EAA-A7E4-4411-BA83-B6FF73D0462E}.AppStore|ARM.Deploy.0 = Release|ARM
		{3C5B9EAA-A7E4-4411-BA83-B6FF73D0462E}.AppStore|iPhone.ActiveCfg = Release|x86
		{3C5B9EAA-A7E4-4411-BA83-B6FF73D0462E}.AppStore|iPhone.Build.0 = Release|x86
		{3C5B9EAA-A7E4-4411-BA83-B6FF73D0462E}.AppStore|iPhone.Deploy.0 = Release|x86
		{3C5B9EAA-A7E4-4411-BA83-B6FF73D0462E}.AppStore|iPhoneSimulator.ActiveCfg = Release|x86
		{3C5B9EAA-A7E4-4411-BA83-B6FF73D0462E}.AppStore|iPhoneSimulator.Build.0 = Release|x86
		{3C5B9EAA-A7E4-4411-BA83-B6FF73D0462E}.AppStore|iPhoneSimulator.Deploy.0 = Release|x86
		{3C5B9EAA-A7E4-4411-BA83-B6FF73D0462E}.AppStore|x64.ActiveCfg = Release|x64
		{3C5B9EAA-A7E4-4411-BA83-B6FF73D0462E}.AppStore|x64.Build.0 = Release|x64
		{3C5B9EAA-A7E4-4411-BA83-B6FF73D0462E}.AppStore|x64.Deploy.0 = Release|x64
		{3C5B9EAA-A7E4-4411-BA83-B6FF73D0462E}.AppStore|x86.ActiveCfg = Release|x86
		{3C5B9EAA-A7E4-4411-BA83-B6FF73D0462E}.AppStore|x86.Build.0 = Release|x86
		{3C5B9EAA-A7E4-4411-BA83-B6FF73D0462E}.AppStore|x86.Deploy.0 = Release|x86
		{3C5B9EAA-A7E4-4411-BA83-B6FF73D0462E}.Debug|Any CPU.ActiveCfg = Debug|x86
		{3C5B9EAA-A7E4-4411-BA83-B6FF73D0462E}.Debug|ARM.ActiveCfg = Debug|ARM
		{3C5B9EAA-A7E4-4411-BA83-B6FF73D0462E}.Debug|ARM.Build.0 = Debug|ARM
		{3C5B9EAA-A7E4-4411-BA83-B6FF73D0462E}.Debug|ARM.Deploy.0 = Debug|ARM
		{3C5B9EAA-A7E4-4411-BA83-B6FF73D0462E}.Debug|iPhone.ActiveCfg = Debug|x86
		{3C5B9EAA-A7E4-4411-BA83-B6FF73D0462E}.Debug|iPhoneSimulator.ActiveCfg = Debug|x86
		{3C5B9EAA-A7E4-4411-BA83-B6FF73D0462E}.Debug|x64.ActiveCfg = Debug|x64
		{3C5B9EAA-A7E4-4411-BA83-B6FF73D0462E}.Debug|x64.Build.0 = Debug|x64
		{3C5B9EAA-A7E4-4411-BA83-B6FF73D0462E}.Debug|x64.Deploy.0 = Debug|x64
		{3C5B9EAA-A7E4-4411-BA83-B6FF73D0462E}.Debug|x86.ActiveCfg = Debug|x86
		{3C5B9EAA-A7E4-4411-BA83-B6FF73D0462E}.Debug|x86.Build.0 = Debug|x86
		{3C5B9EAA-A7E4-4411-BA83-B6FF73D0462E}.Debug|x86.Deploy.0 = Debug|x86
		{3C5B9EAA-A7E4-4411-BA83-B6FF73D0462E}.Release|Any CPU.ActiveCfg = Release|x86
		{3C5B9EAA-A7E4-4411-BA83-B6FF73D0462E}.Release|ARM.ActiveCfg = Release|ARM
		{3C5B9EAA-A7E4-4411-BA83-B6FF73D0462E}.Release|ARM.Build.0 = Release|ARM
		{3C5B9EAA-A7E4-4411-BA83-B6FF73D0462E}.Release|ARM.Deploy.0 = Release|ARM
		{3C5B9EAA-A7E4-4411-BA83-B6FF73D0462E}.Release|iPhone.ActiveCfg = Release|x86
		{3C5B9EAA-A7E4-4411-BA83-B6FF73D0462E}.Release|iPhoneSimulator.ActiveCfg = Release|x86
		{3C5B9EAA-A7E4-4411-BA83-B6FF73D0462E}.Release|x64.ActiveCfg = Release|x64
		{3C5B9EAA-A7E4-4411-BA83-B6FF73D0462E}.Release|x64.Build.0 = Release|x64
		{3C5B9EAA-A7E4-4411-BA83-B6FF73D0462E}.Release|x64.Deploy.0 = Release|x64
		{3C5B9EAA-A7E4-4411-BA83-B6FF73D0462E}.Release|x86.ActiveCfg = Release|x86
		{3C5B9EAA-A7E4-4411-BA83-B6FF73D0462E}.Release|x86.Build.0 = Release|x86
		{3C5B9EAA-A7E4-4411-BA83-B6FF73D0462E}.Release|x86.Deploy.0 = Release|x86
		{262D252F-470D-477D-B4C1-42A6F7ADF6D1}.Ad-Hoc|Any CPU.ActiveCfg = Release|Any CPU
		{262D252F-470D-477D-B4C1-42A6F7ADF6D1}.Ad-Hoc|Any CPU.Build.0 = Release|Any CPU
		{262D252F-470D-477D-B4C1-42A6F7ADF6D1}.Ad-Hoc|Any CPU.Deploy.0 = Release|Any CPU
		{262D252F-470D-477D-B4C1-42A6F7ADF6D1}.Ad-Hoc|ARM.ActiveCfg = Release|ARM
		{262D252F-470D-477D-B4C1-42A6F7ADF6D1}.Ad-Hoc|ARM.Build.0 = Release|ARM
		{262D252F-470D-477D-B4C1-42A6F7ADF6D1}.Ad-Hoc|ARM.Deploy.0 = Release|ARM
		{262D252F-470D-477D-B4C1-42A6F7ADF6D1}.Ad-Hoc|iPhone.ActiveCfg = Release|Any CPU
		{262D252F-470D-477D-B4C1-42A6F7ADF6D1}.Ad-Hoc|iPhone.Build.0 = Release|Any CPU
		{262D252F-470D-477D-B4C1-42A6F7ADF6D1}.Ad-Hoc|iPhone.Deploy.0 = Release|Any CPU
		{262D252F-470D-477D-B4C1-42A6F7ADF6D1}.Ad-Hoc|iPhoneSimulator.ActiveCfg = Release|Any CPU
		{262D252F-470D-477D-B4C1-42A6F7ADF6D1}.Ad-Hoc|iPhoneSimulator.Build.0 = Release|Any CPU
		{262D252F-470D-477D-B4C1-42A6F7ADF6D1}.Ad-Hoc|iPhoneSimulator.Deploy.0 = Release|Any CPU
		{262D252F-470D-477D-B4C1-42A6F7ADF6D1}.Ad-Hoc|x64.ActiveCfg = Release|x64
		{262D252F-470D-477D-B4C1-42A6F7ADF6D1}.Ad-Hoc|x64.Build.0 = Release|x64
		{262D252F-470D-477D-B4C1-42A6F7ADF6D1}.Ad-Hoc|x64.Deploy.0 = Release|x64
		{262D252F-470D-477D-B4C1-42A6F7ADF6D1}.Ad-Hoc|x86.ActiveCfg = Release|x86
		{262D252F-470D-477D-B4C1-42A6F7ADF6D1}.Ad-Hoc|x86.Build.0 = Release|x86
		{262D252F-470D-477D-B4C1-42A6F7ADF6D1}.Ad-Hoc|x86.Deploy.0 = Release|x86
		{262D252F-470D-477D-B4C1-42A6F7ADF6D1}.AppStore|Any CPU.ActiveCfg = Release|Any CPU
		{262D252F-470D-477D-B4C1-42A6F7ADF6D1}.AppStore|Any CPU.Build.0 = Release|Any CPU
		{262D252F-470D-477D-B4C1-42A6F7ADF6D1}.AppStore|Any CPU.Deploy.0 = Release|Any CPU
		{262D252F-470D-477D-B4C1-42A6F7ADF6D1}.AppStore|ARM.ActiveCfg = Release|ARM
		{262D252F-470D-477D-B4C1-42A6F7ADF6D1}.AppStore|ARM.Build.0 = Release|ARM
		{262D252F-470D-477D-B4C1-42A6F7ADF6D1}.AppStore|ARM.Deploy.0 = Release|ARM
		{262D252F-470D-477D-B4C1-42A6F7ADF6D1}.AppStore|iPhone.ActiveCfg = Release|Any CPU
		{262D252F-470D-477D-B4C1-42A6F7ADF6D1}.AppStore|iPhone.Build.0 = Release|Any CPU
		{262D252F-470D-477D-B4C1-42A6F7ADF6D1}.AppStore|iPhone.Deploy.0 = Release|Any CPU
		{262D252F-470D-477D-B4C1-42A6F7ADF6D1}.AppStore|iPhoneSimulator.ActiveCfg = Release|Any CPU
		{262D252F-470D-477D-B4C1-42A6F7ADF6D1}.AppStore|iPhoneSimulator.Build.0 = Release|Any CPU
		{262D252F-470D-477D-B4C1-42A6F7ADF6D1}.AppStore|iPhoneSimulator.Deploy.0 = Release|Any CPU
		{262D252F-470D-477D-B4C1-42A6F7ADF6D1}.AppStore|x64.ActiveCfg = Release|x64
		{262D252F-470D-477D-B4C1-42A6F7ADF6D1}.AppStore|x64.Build.0 = Release|x64
		{262D252F-470D-477D-B4C1-42A6F7ADF6D1}.AppStore|x64.Deploy.0 = Release|x64
		{262D252F-470D-477D-B4C1-42A6F7ADF6D1}.AppStore|x86.ActiveCfg = Release|x86
		{262D252F-470D-477D-B4C1-42A6F7ADF6D1}.AppStore|x86.Build.0 = Release|x86
		{262D252F-470D-477D-B4C1-42A6F7ADF6D1}.AppStore|x86.Deploy.0 = Release|x86
		{262D252F-470D-477D-B4C1-42A6F7ADF6D1}.Debug|Any CPU.ActiveCfg = Debug|Any CPU
		{262D252F-470D-477D-B4C1-42A6F7ADF6D1}.Debug|Any CPU.Build.0 = Debug|Any CPU
		{262D252F-470D-477D-B4C1-42A6F7ADF6D1}.Debug|Any CPU.Deploy.0 = Debug|Any CPU
		{262D252F-470D-477D-B4C1-42A6F7ADF6D1}.Debug|ARM.ActiveCfg = Debug|ARM
		{262D252F-470D-477D-B4C1-42A6F7ADF6D1}.Debug|ARM.Build.0 = Debug|ARM
		{262D252F-470D-477D-B4C1-42A6F7ADF6D1}.Debug|ARM.Deploy.0 = Debug|ARM
		{262D252F-470D-477D-B4C1-42A6F7ADF6D1}.Debug|iPhone.ActiveCfg = Debug|Any CPU
		{262D252F-470D-477D-B4C1-42A6F7ADF6D1}.Debug|iPhone.Build.0 = Debug|Any CPU
		{262D252F-470D-477D-B4C1-42A6F7ADF6D1}.Debug|iPhone.Deploy.0 = Debug|Any CPU
		{262D252F-470D-477D-B4C1-42A6F7ADF6D1}.Debug|iPhoneSimulator.ActiveCfg = Debug|Any CPU
		{262D252F-470D-477D-B4C1-42A6F7ADF6D1}.Debug|iPhoneSimulator.Build.0 = Debug|Any CPU
		{262D252F-470D-477D-B4C1-42A6F7ADF6D1}.Debug|iPhoneSimulator.Deploy.0 = Debug|Any CPU
		{262D252F-470D-477D-B4C1-42A6F7ADF6D1}.Debug|x64.ActiveCfg = Debug|x64
		{262D252F-470D-477D-B4C1-42A6F7ADF6D1}.Debug|x64.Build.0 = Debug|x64
		{262D252F-470D-477D-B4C1-42A6F7ADF6D1}.Debug|x64.Deploy.0 = Debug|x64
		{262D252F-470D-477D-B4C1-42A6F7ADF6D1}.Debug|x86.ActiveCfg = Debug|x86
		{262D252F-470D-477D-B4C1-42A6F7ADF6D1}.Debug|x86.Build.0 = Debug|x86
		{262D252F-470D-477D-B4C1-42A6F7ADF6D1}.Debug|x86.Deploy.0 = Debug|x86
		{262D252F-470D-477D-B4C1-42A6F7ADF6D1}.Release|Any CPU.ActiveCfg = Release|Any CPU
		{262D252F-470D-477D-B4C1-42A6F7ADF6D1}.Release|Any CPU.Build.0 = Release|Any CPU
		{262D252F-470D-477D-B4C1-42A6F7ADF6D1}.Release|Any CPU.Deploy.0 = Release|Any CPU
		{262D252F-470D-477D-B4C1-42A6F7ADF6D1}.Release|ARM.ActiveCfg = Release|ARM
		{262D252F-470D-477D-B4C1-42A6F7ADF6D1}.Release|ARM.Build.0 = Release|ARM
		{262D252F-470D-477D-B4C1-42A6F7ADF6D1}.Release|ARM.Deploy.0 = Release|ARM
		{262D252F-470D-477D-B4C1-42A6F7ADF6D1}.Release|iPhone.ActiveCfg = Release|Any CPU
		{262D252F-470D-477D-B4C1-42A6F7ADF6D1}.Release|iPhone.Build.0 = Release|Any CPU
		{262D252F-470D-477D-B4C1-42A6F7ADF6D1}.Release|iPhone.Deploy.0 = Release|Any CPU
		{262D252F-470D-477D-B4C1-42A6F7ADF6D1}.Release|iPhoneSimulator.ActiveCfg = Release|Any CPU
		{262D252F-470D-477D-B4C1-42A6F7ADF6D1}.Release|iPhoneSimulator.Build.0 = Release|Any CPU
		{262D252F-470D-477D-B4C1-42A6F7ADF6D1}.Release|iPhoneSimulator.Deploy.0 = Release|Any CPU
		{262D252F-470D-477D-B4C1-42A6F7ADF6D1}.Release|x64.ActiveCfg = Release|x64
		{262D252F-470D-477D-B4C1-42A6F7ADF6D1}.Release|x64.Build.0 = Release|x64
		{262D252F-470D-477D-B4C1-42A6F7ADF6D1}.Release|x64.Deploy.0 = Release|x64
		{262D252F-470D-477D-B4C1-42A6F7ADF6D1}.Release|x86.ActiveCfg = Release|x86
		{262D252F-470D-477D-B4C1-42A6F7ADF6D1}.Release|x86.Build.0 = Release|x86
		{262D252F-470D-477D-B4C1-42A6F7ADF6D1}.Release|x86.Deploy.0 = Release|x86
	EndGlobalSection
	GlobalSection(SolutionProperties) = preSolution
		HideSolutionNode = FALSE
	EndGlobalSection
EndGlobal
